// !$*UTF8*$!
{
	archiveVersion = 1;
	classes = {
	};
	objectVersion = 56;
	objects = {

/* Begin PBXBuildFile section */
		945E49A82C42578C0069074C /* ListViewModel.swift in Sources */ = {isa = PBXBuildFile; fileRef = 945E49A72C42578C0069074C /* ListViewModel.swift */; };
		9473FC652C4796EB00232064 /* LaunchScreen.storyboard in Resources */ = {isa = PBXBuildFile; fileRef = 9473FC642C4796EB00232064 /* LaunchScreen.storyboard */; };
		94E249792C3D05F8004286FB /* TODO_LIST_APPApp.swift in Sources */ = {isa = PBXBuildFile; fileRef = 94E249782C3D05F8004286FB /* TODO_LIST_APPApp.swift */; };
		94E2497D2C3D05F9004286FB /* Assets.xcassets in Resources */ = {isa = PBXBuildFile; fileRef = 94E2497C2C3D05F9004286FB /* Assets.xcassets */; };
		94E249802C3D05F9004286FB /* Preview Assets.xcassets in Resources */ = {isa = PBXBuildFile; fileRef = 94E2497F2C3D05F9004286FB /* Preview Assets.xcassets */; };
		94E2498A2C3D09F7004286FB /* LIstView.swift in Sources */ = {isa = PBXBuildFile; fileRef = 94E249892C3D09F7004286FB /* LIstView.swift */; };
		94E2498D2C3D10E9004286FB /* ListRowview.swift in Sources */ = {isa = PBXBuildFile; fileRef = 94E2498C2C3D10E9004286FB /* ListRowview.swift */; };
		94E2498F2C3D3935004286FB /* Addview.swift in Sources */ = {isa = PBXBuildFile; fileRef = 94E2498E2C3D3935004286FB /* Addview.swift */; };
		94E249922C3E7CC2004286FB /* itemmodel.swift in Sources */ = {isa = PBXBuildFile; fileRef = 94E249912C3E7CC2004286FB /* itemmodel.swift */; };
		94F4294F2C455D9A0080C389 /* NoitemsView.swift in Sources */ = {isa = PBXBuildFile; fileRef = 94F4294E2C455D9A0080C389 /* NoitemsView.swift */; };
/* End PBXBuildFile section */

/* Begin PBXFileReference section */
		945E49A72C42578C0069074C /* ListViewModel.swift */ = {isa = PBXFileReference; lastKnownFileType = sourcecode.swift; path = ListViewModel.swift; sourceTree = "<group>"; };
		9473FC642C4796EB00232064 /* LaunchScreen.storyboard */ = {isa = PBXFileReference; lastKnownFileType = file.storyboard; path = LaunchScreen.storyboard; sourceTree = "<group>"; };
		94E249752C3D05F8004286FB /* TODO LIST APP.app */ = {isa = PBXFileReference; explicitFileType = wrapper.application; includeInIndex = 0; path = "TODO LIST APP.app"; sourceTree = BUILT_PRODUCTS_DIR; };
		94E249782C3D05F8004286FB /* TODO_LIST_APPApp.swift */ = {isa = PBXFileReference; lastKnownFileType = sourcecode.swift; path = TODO_LIST_APPApp.swift; sourceTree = "<group>"; };
		94E2497C2C3D05F9004286FB /* Assets.xcassets */ = {isa = PBXFileReference; lastKnownFileType = folder.assetcatalog; path = Assets.xcassets; sourceTree = "<group>"; };
		94E2497F2C3D05F9004286FB /* Preview Assets.xcassets */ = {isa = PBXFileReference; lastKnownFileType = folder.assetcatalog; path = "Preview Assets.xcassets"; sourceTree = "<group>"; };
		94E249892C3D09F7004286FB /* LIstView.swift */ = {isa = PBXFileReference; lastKnownFileType = sourcecode.swift; path = LIstView.swift; sourceTree = "<group>"; };
		94E2498C2C3D10E9004286FB /* ListRowview.swift */ = {isa = PBXFileReference; lastKnownFileType = sourcecode.swift; path = ListRowview.swift; sourceTree = "<group>"; };
		94E2498E2C3D3935004286FB /* Addview.swift */ = {isa = PBXFileReference; lastKnownFileType = sourcecode.swift; path = Addview.swift; sourceTree = "<group>"; };
		94E249912C3E7CC2004286FB /* itemmodel.swift */ = {isa = PBXFileReference; lastKnownFileType = sourcecode.swift; path = itemmodel.swift; sourceTree = "<group>"; };
		94F4294E2C455D9A0080C389 /* NoitemsView.swift */ = {isa = PBXFileReference; lastKnownFileType = sourcecode.swift; path = NoitemsView.swift; sourceTree = "<group>"; };
/* End PBXFileReference section */

/* Begin PBXFrameworksBuildPhase section */
		94E249722C3D05F8004286FB /* Frameworks */ = {
			isa = PBXFrameworksBuildPhase;
			buildActionMask = 2147483647;
			files = (
			);
			runOnlyForDeploymentPostprocessing = 0;
		};
/* End PBXFrameworksBuildPhase section */

/* Begin PBXGroup section */
		945E49A62C4256E30069074C /* ViewModels */ = {
			isa = PBXGroup;
			children = (
				945E49A72C42578C0069074C /* ListViewModel.swift */,
			);
			path = ViewModels;
			sourceTree = "<group>";
		};
		94E2496C2C3D05F8004286FB = {
			isa = PBXGroup;
			children = (
				94E249772C3D05F8004286FB /* TODO LIST APP */,
				94E249762C3D05F8004286FB /* Products */,
			);
			sourceTree = "<group>";
		};
		94E249762C3D05F8004286FB /* Products */ = {
			isa = PBXGroup;
			children = (
				94E249752C3D05F8004286FB /* TODO LIST APP.app */,
			);
			name = Products;
			sourceTree = "<group>";
		};
		94E249772C3D05F8004286FB /* TODO LIST APP */ = {
			isa = PBXGroup;
			children = (
				94E249782C3D05F8004286FB /* TODO_LIST_APPApp.swift */,
				945E49A62C4256E30069074C /* ViewModels */,
				94E249902C3E7C38004286FB /* Models */,
				94E249862C3D096D004286FB /* Views */,
				94E2497C2C3D05F9004286FB /* Assets.xcassets */,
				94E2497E2C3D05F9004286FB /* Preview Content */,
			);
			path = "TODO LIST APP";
			sourceTree = "<group>";
		};
		94E2497E2C3D05F9004286FB /* Preview Content */ = {
			isa = PBXGroup;
			children = (
				94E2497F2C3D05F9004286FB /* Preview Assets.xcassets */,
			);
			path = "Preview Content";
			sourceTree = "<group>";
		};
		94E249862C3D096D004286FB /* Views */ = {
			isa = PBXGroup;
			children = (
				94E249892C3D09F7004286FB /* LIstView.swift */,
				94E2498C2C3D10E9004286FB /* ListRowview.swift */,
				94E2498E2C3D3935004286FB /* Addview.swift */,
				94F4294E2C455D9A0080C389 /* NoitemsView.swift */,
				9473FC642C4796EB00232064 /* LaunchScreen.storyboard */,
			);
			path = Views;
			sourceTree = "<group>";
		};
		94E249902C3E7C38004286FB /* Models */ = {
			isa = PBXGroup;
			children = (
				94E249912C3E7CC2004286FB /* itemmodel.swift */,
			);
			path = Models;
			sourceTree = "<group>";
		};
/* End PBXGroup section */

/* Begin PBXNativeTarget section */
		94E249742C3D05F8004286FB /* TODO LIST APP */ = {
			isa = PBXNativeTarget;
			buildConfigurationList = 94E249832C3D05F9004286FB /* Build configuration list for PBXNativeTarget "TODO LIST APP" */;
			buildPhases = (
				94E249712C3D05F8004286FB /* Sources */,
				94E249722C3D05F8004286FB /* Frameworks */,
				94E249732C3D05F8004286FB /* Resources */,
			);
			buildRules = (
			);
			dependencies = (
			);
			name = "TODO LIST APP";
			productName = "TODO LIST APP";
			productReference = 94E249752C3D05F8004286FB /* TODO LIST APP.app */;
			productType = "com.apple.product-type.application";
		};
/* End PBXNativeTarget section */

/* Begin PBXProject section */
		94E2496D2C3D05F8004286FB /* Project object */ = {
			isa = PBXProject;
			attributes = {
				BuildIndependentTargetsInParallel = 1;
				LastSwiftUpdateCheck = 1520;
				LastUpgradeCheck = 1520;
				TargetAttributes = {
					94E249742C3D05F8004286FB = {
						CreatedOnToolsVersion = 15.2;
					};
				};
			};
			buildConfigurationList = 94E249702C3D05F8004286FB /* Build configuration list for PBXProject "TODO LIST APP" */;
			compatibilityVersion = "Xcode 14.0";
			developmentRegion = en;
			hasScannedForEncodings = 0;
			knownRegions = (
				en,
				Base,
			);
			mainGroup = 94E2496C2C3D05F8004286FB;
			productRefGroup = 94E249762C3D05F8004286FB /* Products */;
			projectDirPath = "";
			projectRoot = "";
			targets = (
				94E249742C3D05F8004286FB /* TODO LIST APP */,
			);
		};
/* End PBXProject section */

/* Begin PBXResourcesBuildPhase section */
		94E249732C3D05F8004286FB /* Resources */ = {
			isa = PBXResourcesBuildPhase;
			buildActionMask = 2147483647;
			files = (
				9473FC652C4796EB00232064 /* LaunchScreen.storyboard in Resources */,
				94E249802C3D05F9004286FB /* Preview Assets.xcassets in Resources */,
				94E2497D2C3D05F9004286FB /* Assets.xcassets in Resources */,
			);
			runOnlyForDeploymentPostprocessing = 0;
		};
/* End PBXResourcesBuildPhase section */

/* Begin PBXSourcesBuildPhase section */
		94E249712C3D05F8004286FB /* Sources */ = {
			isa = PBXSourcesBuildPhase;
			buildActionMask = 2147483647;
			files = (
				94F4294F2C455D9A0080C389 /* NoitemsView.swift in Sources */,
				94E2498F2C3D3935004286FB /* Addview.swift in Sources */,
				94E249792C3D05F8004286FB /* TODO_LIST_APPApp.swift in Sources */,
				945E49A82C42578C0069074C /* ListViewModel.swift in Sources */,
				94E2498A2C3D09F7004286FB /* LIstView.swift in Sources */,
				94E249922C3E7CC2004286FB /* itemmodel.swift in Sources */,
				94E2498D2C3D10E9004286FB /* ListRowview.swift in Sources */,
			);
			runOnlyForDeploymentPostprocessing = 0;
		};
/* End PBXSourcesBuildPhase section */

/* Begin XCBuildConfiguration section */
		94E249812C3D05F9004286FB /* Debug */ = {
			isa = XCBuildConfiguration;
			buildSettings = {
				ALWAYS_SEARCH_USER_PATHS = NO;
				ASSETCATALOG_COMPILER_GENERATE_SWIFT_ASSET_SYMBOL_EXTENSIONS = YES;
				CLANG_ANALYZER_NONNULL = YES;
				CLANG_ANALYZER_NUMBER_OBJECT_CONVERSION = YES_AGGRESSIVE;
				CLANG_CXX_LANGUAGE_STANDARD = "gnu++20";
				CLANG_ENABLE_MODULES = YES;
				CLANG_ENABLE_OBJC_ARC = YES;
				CLANG_ENABLE_OBJC_WEAK = YES;
				CLANG_WARN_BLOCK_CAPTURE_AUTORELEASING = YES;
				CLANG_WARN_BOOL_CONVERSION = YES;
				CLANG_WARN_COMMA = YES;
				CLANG_WARN_CONSTANT_CONVERSION = YES;
				CLANG_WARN_DEPRECATED_OBJC_IMPLEMENTATIONS = YES;
				CLANG_WARN_DIRECT_OBJC_ISA_USAGE = YES_ERROR;
				CLANG_WARN_DOCUMENTATION_COMMENTS = YES;
				CLANG_WARN_EMPTY_BODY = YES;
				CLANG_WARN_ENUM_CONVERSION = YES;
				CLANG_WARN_INFINITE_RECURSION = YES;
				CLANG_WARN_INT_CONVERSION = YES;
				CLANG_WARN_NON_LITERAL_NULL_CONVERSION = YES;
				CLANG_WARN_OBJC_IMPLICIT_RETAIN_SELF = YES;
				CLANG_WARN_OBJC_LITERAL_CONVERSION = YES;
				CLANG_WARN_OBJC_ROOT_CLASS = YES_ERROR;
				CLANG_WARN_QUOTED_INCLUDE_IN_FRAMEWORK_HEADER = YES;
				CLANG_WARN_RANGE_LOOP_ANALYSIS = YES;
				CLANG_WARN_STRICT_PROTOTYPES = YES;
				CLANG_WARN_SUSPICIOUS_MOVE = YES;
				CLANG_WARN_UNGUARDED_AVAILABILITY = YES_AGGRESSIVE;
				CLANG_WARN_UNREACHABLE_CODE = YES;
				CLANG_WARN__DUPLICATE_METHOD_MATCH = YES;
				COPY_PHASE_STRIP = NO;
				DEBUG_INFORMATION_FORMAT = dwarf;
				ENABLE_STRICT_OBJC_MSGSEND = YES;
				ENABLE_TESTABILITY = YES;
				ENABLE_USER_SCRIPT_SANDBOXING = YES;
				GCC_C_LANGUAGE_STANDARD = gnu17;
				GCC_DYNAMIC_NO_PIC = NO;
				GCC_NO_COMMON_BLOCKS = YES;
				GCC_OPTIMIZATION_LEVEL = 0;
				GCC_PREPROCESSOR_DEFINITIONS = (
					"DEBUG=1",
					"$(inherited)",
				);
				GCC_WARN_64_TO_32_BIT_CONVERSION = YES;
				GCC_WARN_ABOUT_RETURN_TYPE = YES_ERROR;
				GCC_WARN_UNDECLARED_SELECTOR = YES;
				GCC_WARN_UNINITIALIZED_AUTOS = YES_AGGRESSIVE;
				GCC_WARN_UNUSED_FUNCTION = YES;
				GCC_WARN_UNUSED_VARIABLE = YES;
				IPHONEOS_DEPLOYMENT_TARGET = 17.2;
				LOCALIZATION_PREFERS_STRING_CATALOGS = YES;
				MTL_ENABLE_DEBUG_INFO = INCLUDE_SOURCE;
				MTL_FAST_MATH = YES;
				ONLY_ACTIVE_ARCH = YES;
				SDKROOT = iphoneos;
				SWIFT_ACTIVE_COMPILATION_CONDITIONS = "DEBUG $(inherited)";
				SWIFT_OPTIMIZATION_LEVEL = "-Onone";
			};
			name = Debug;
		};
		94E249822C3D05F9004286FB /* Release */ = {
			isa = XCBuildConfiguration;
			buildSettings = {
				ALWAYS_SEARCH_USER_PATHS = NO;
				ASSETCATALOG_COMPILER_GENERATE_SWIFT_ASSET_SYMBOL_EXTENSIONS = YES;
				CLANG_ANALYZER_NONNULL = YES;
				CLANG_ANALYZER_NUMBER_OBJECT_CONVERSION = YES_AGGRESSIVE;
				CLANG_CXX_LANGUAGE_STANDARD = "gnu++20";
				CLANG_ENABLE_MODULES = YES;
				CLANG_ENABLE_OBJC_ARC = YES;
				CLANG_ENABLE_OBJC_WEAK = YES;
				CLANG_WARN_BLOCK_CAPTURE_AUTORELEASING = YES;
				CLANG_WARN_BOOL_CONVERSION = YES;
				CLANG_WARN_COMMA = YES;
				CLANG_WARN_CONSTANT_CONVERSION = YES;
				CLANG_WARN_DEPRECATED_OBJC_IMPLEMENTATIONS = YES;
				CLANG_WARN_DIRECT_OBJC_ISA_USAGE = YES_ERROR;
				CLANG_WARN_DOCUMENTATION_COMMENTS = YES;
				CLANG_WARN_EMPTY_BODY = YES;
				CLANG_WARN_ENUM_CONVERSION = YES;
				CLANG_WARN_INFINITE_RECURSION = YES;
				CLANG_WARN_INT_CONVERSION = YES;
				CLANG_WARN_NON_LITERAL_NULL_CONVERSION = YES;
				CLANG_WARN_OBJC_IMPLICIT_RETAIN_SELF = YES;
				CLANG_WARN_OBJC_LITERAL_CONVERSION = YES;
				CLANG_WARN_OBJC_ROOT_CLASS = YES_ERROR;
				CLANG_WARN_QUOTED_INCLUDE_IN_FRAMEWORK_HEADER = YES;
				CLANG_WARN_RANGE_LOOP_ANALYSIS = YES;
				CLANG_WARN_STRICT_PROTOTYPES = YES;
				CLANG_WARN_SUSPICIOUS_MOVE = YES;
				CLANG_WARN_UNGUARDED_AVAILABILITY = YES_AGGRESSIVE;
				CLANG_WARN_UNREACHABLE_CODE = YES;
				CLANG_WARN__DUPLICATE_METHOD_MATCH = YES;
				COPY_PHASE_STRIP = NO;
				DEBUG_INFORMATION_FORMAT = "dwarf-with-dsym";
				ENABLE_NS_ASSERTIONS = NO;
				ENABLE_STRICT_OBJC_MSGSEND = YES;
				ENABLE_USER_SCRIPT_SANDBOXING = YES;
				GCC_C_LANGUAGE_STANDARD = gnu17;
				GCC_NO_COMMON_BLOCKS = YES;
				GCC_WARN_64_TO_32_BIT_CONVERSION = YES;
				GCC_WARN_ABOUT_RETURN_TYPE = YES_ERROR;
				GCC_WARN_UNDECLARED_SELECTOR = YES;
				GCC_WARN_UNINITIALIZED_AUTOS = YES_AGGRESSIVE;
				GCC_WARN_UNUSED_FUNCTION = YES;
				GCC_WARN_UNUSED_VARIABLE = YES;
				IPHONEOS_DEPLOYMENT_TARGET = 17.2;
				LOCALIZATION_PREFERS_STRING_CATALOGS = YES;
				MTL_ENABLE_DEBUG_INFO = NO;
				MTL_FAST_MATH = YES;
				SDKROOT = iphoneos;
				SWIFT_COMPILATION_MODE = wholemodule;
				VALIDATE_PRODUCT = YES;
			};
			name = Release;
		};
		94E249842C3D05F9004286FB /* Debug */ = {
			isa = XCBuildConfiguration;
			buildSettings = {
				ASSETCATALOG_COMPILER_APPICON_NAME = AppIcon;
				ASSETCATALOG_COMPILER_GLOBAL_ACCENT_COLOR_NAME = AccentColor;
				CODE_SIGN_STYLE = Automatic;
				CURRENT_PROJECT_VERSION = 1;
				DEVELOPMENT_ASSET_PATHS = "\"TODO LIST APP/Preview Content\"";
				DEVELOPMENT_TEAM = JPTYG3YDP2;
				ENABLE_PREVIEWS = YES;
				GENERATE_INFOPLIST_FILE = YES;
				INFOPLIST_KEY_CFBundleDisplayName = "Do Stuff";
				INFOPLIST_KEY_UIApplicationSceneManifest_Generation = YES;
				INFOPLIST_KEY_UIApplicationSupportsIndirectInputEvents = YES;
				INFOPLIST_KEY_UILaunchScreen_Generation = YES;
				INFOPLIST_KEY_UILaunchStoryboardName = LaunchScreen.storyboard;
				INFOPLIST_KEY_UISupportedInterfaceOrientations = "UIInterfaceOrientationLandscapeLeft UIInterfaceOrientationLandscapeRight UIInterfaceOrientationPortrait UIInterfaceOrientationPortraitUpsideDown";
				LD_RUNPATH_SEARCH_PATHS = (
					"$(inherited)",
					"@executable_path/Frameworks",
				);
				MARKETING_VERSION = 1.0;
				PRODUCT_BUNDLE_IDENTIFIER = "com.thefatlab.kiran.TODO-LIST-APP";
				PRODUCT_NAME = "$(TARGET_NAME)";
				SWIFT_EMIT_LOC_STRINGS = YES;
				SWIFT_VERSION = 5.0;
				TARGETED_DEVICE_FAMILY = "1,2";
			};
			name = Debug;
		};
		94E249852C3D05F9004286FB /* Release */ = {
			isa = XCBuildConfiguration;
			buildSettings = {
				ASSETCATALOG_COMPILER_APPICON_NAME = AppIcon;
				ASSETCATALOG_COMPILER_GLOBAL_ACCENT_COLOR_NAME = AccentColor;
				CODE_SIGN_STYLE = Automatic;
				CURRENT_PROJECT_VERSION = 1;
				DEVELOPMENT_ASSET_PATHS = "\"TODO LIST APP/Preview Content\"";
				DEVELOPMENT_TEAM = JPTYG3YDP2;
				ENABLE_PREVIEWS = YES;
				GENERATE_INFOPLIST_FILE = YES;
				INFOPLIST_KEY_CFBundleDisplayName = "Do Stuff";
				INFOPLIST_KEY_UIApplicationSceneManifest_Generation = YES;
				INFOPLIST_KEY_UIApplicationSupportsIndirectInputEvents = YES;
				INFOPLIST_KEY_UILaunchScreen_Generation = YES;
				INFOPLIST_KEY_UILaunchStoryboardName = LaunchScreen.storyboard;
				INFOPLIST_KEY_UISupportedInterfaceOrientations = "UIInterfaceOrientationLandscapeLeft UIInterfaceOrientationLandscapeRight UIInterfaceOrientationPortrait UIInterfaceOrientationPortraitUpsideDown";
				LD_RUNPATH_SEARCH_PATHS = (
					"$(inherited)",
					"@executable_path/Frameworks",
				);
				MARKETING_VERSION = 1.0;
				PRODUCT_BUNDLE_IDENTIFIER = "com.thefatlab.kiran.TODO-LIST-APP";
				PRODUCT_NAME = "$(TARGET_NAME)";
				SWIFT_EMIT_LOC_STRINGS = YES;
				SWIFT_VERSION = 5.0;
				TARGETED_DEVICE_FAMILY = "1,2";
			};
			name = Release;
		};
/* End XCBuildConfiguration section */

/* Begin XCConfigurationList section */
		94E249702C3D05F8004286FB /* Build configuration list for PBXProject "TODO LIST APP" */ = {
			isa = XCConfigurationList;
			buildConfigurations = (
				94E249812C3D05F9004286FB /* Debug */,
				94E249822C3D05F9004286FB /* Release */,
			);
			defaultConfigurationIsVisible = 0;
			defaultConfigurationName = Release;
		};
		94E249832C3D05F9004286FB /* Build configuration list for PBXNativeTarget "TODO LIST APP" */ = {
			isa = XCConfigurationList;
			buildConfigurations = (
				94E249842C3D05F9004286FB /* Debug */,
				94E249852C3D05F9004286FB /* Release */,
			);
			defaultConfigurationIsVisible = 0;
			defaultConfigurationName = Release;
		};
/* End XCConfigurationList section */
	};
	rootObject = 94E2496D2C3D05F8004286FB /* Project object */;
}
